# This file was autogenerated by Juvix version 0.6.4.
# Do not edit this file manually.

version: 2
checksum: 43d7b1f8410cf595db60ea8030b90d5b53ed5e7f9baf37dea87c87c933fa2f9c
dependencies:
- git:
    name: anoma_juvix-stdlib
    ref: 16211500dc59a944f851fbaeeef703fdd09163fa
    url: https://github.com/anoma/juvix-stdlib
  dependencies: []
- git:
    name: anoma_juvix-anoma-stdlib
    ref: c3bc24b2cc86194a57406b834b82698df46697eb
    url: https://github.com/anoma/juvix-anoma-stdlib
  dependencies:
  - git:
      name: anoma_juvix-stdlib
      ref: 16211500dc59a944f851fbaeeef703fdd09163fa
      url: https://github.com/anoma/juvix-stdlib
    dependencies: []
- git:
    name: anoma_juvix-test
    ref: f7e822969fa82c510f38d6569a9b5ac7f1180221
    url: https://github.com/anoma/juvix-test
  dependencies:
  - git:
      name: anoma_juvix-stdlib
      ref: 16211500dc59a944f851fbaeeef703fdd09163fa
      url: https://github.com/anoma/juvix-stdlib
    dependencies: []
- path: ../
  dependencies:
  - git:
      name: anoma_juvix-anoma-stdlib
      ref: c3bc24b2cc86194a57406b834b82698df46697eb
      url: https://github.com/anoma/juvix-anoma-stdlib
    dependencies:
    - git:
        name: anoma_juvix-stdlib
        ref: 16211500dc59a944f851fbaeeef703fdd09163fa
        url: https://github.com/anoma/juvix-stdlib
      dependencies: []
  - git:
      name: anoma_juvix-stdlib
      ref: 16211500dc59a944f851fbaeeef703fdd09163fa
      url: https://github.com/anoma/juvix-stdlib
    dependencies: []
  - git:
      name: anoma_juvix-containers
      ref: 186227a0130cca2e2710155b7bbcd8d957d72e68
      url: https://github.com/anoma/juvix-containers
    dependencies:
    - git:
        name: anoma_juvix-stdlib
        ref: 16211500dc59a944f851fbaeeef703fdd09163fa
        url: https://github.com/anoma/juvix-stdlib
      dependencies: []
  - git:
      name: anoma_juvix-test
      ref: f7e822969fa82c510f38d6569a9b5ac7f1180221
      url: https://github.com/anoma/juvix-test
    dependencies:
    - git:
        name: anoma_juvix-stdlib
        ref: 16211500dc59a944f851fbaeeef703fdd09163fa
        url: https://github.com/anoma/juvix-stdlib
      dependencies: []
